// !$*UTF8*$!
{
	archiveVersion = 1;
	classes = {
	};
	objectVersion = 56;
	objects = {

/* Begin PBXBuildFile section */
		3C4EA4CA29A1437900D89594 /* frontend.h in Headers */ = {isa = PBXBuildFile; fileRef = 3C4EA4C729A1437900D89594 /* frontend.h */; };
		3C4EA4CB29A1437900D89594 /* frontend.c in Sources */ = {isa = PBXBuildFile; fileRef = 3C4EA4C829A1437900D89594 /* frontend.c */; };
		3C4EA4D429A143B100D89594 /* GoogleTest.mm in Sources */ = {isa = PBXBuildFile; fileRef = 3C4EA4D329A143B100D89594 /* GoogleTest.mm */; };
		3C4EA4D529A143B100D89594 /* libData.a in Frameworks */ = {isa = PBXBuildFile; fileRef = 3C4EA4C029A1435300D89594 /* libData.a */; };
		3C4EA4DB29A143B900D89594 /* frontend_test.cpp in Sources */ = {isa = PBXBuildFile; fileRef = 3C4EA4C929A1437900D89594 /* frontend_test.cpp */; };
		3C4EA4E029A1441500D89594 /* libgtest.a in Frameworks */ = {isa = PBXBuildFile; fileRef = 3C4EA4DF29A1441500D89594 /* libgtest.a */; };
		3C4EA4E229A1455A00D89594 /* frontend.h in Headers */ = {isa = PBXBuildFile; fileRef = 3C4EA4C729A1437900D89594 /* frontend.h */; };
		3C4EA4E329A1456F00D89594 /* frontend.c in Sources */ = {isa = PBXBuildFile; fileRef = 3C4EA4C829A1437900D89594 /* frontend.c */; };
		3C4EA4E629A148CE00D89594 /* frontend_test.cpp in Sources */ = {isa = PBXBuildFile; fileRef = 3C4EA4C929A1437900D89594 /* frontend_test.cpp */; };
		3C4EA4EE29A149E500D89594 /* main.c in Sources */ = {isa = PBXBuildFile; fileRef = 3C4EA4ED29A149E500D89594 /* main.c */; };
		3C4EA4F529A14DBF00D89594 /* frontend.c in Sources */ = {isa = PBXBuildFile; fileRef = 3C4EA4C829A1437900D89594 /* frontend.c */; };
		3C4EA4F729A14DF300D89594 /* frontend.h in Headers */ = {isa = PBXBuildFile; fileRef = 3C4EA4C729A1437900D89594 /* frontend.h */; };
/* End PBXBuildFile section */

/* Begin PBXContainerItemProxy section */
		3C4EA4D629A143B100D89594 /* PBXContainerItemProxy */ = {
			isa = PBXContainerItemProxy;
			containerPortal = 3C4EA4B829A1435300D89594 /* Project object */;
			proxyType = 1;
			remoteGlobalIDString = 3C4EA4BF29A1435300D89594;
			remoteInfo = Data;
		};
		3C4EA4F329A14CEE00D89594 /* PBXContainerItemProxy */ = {
			isa = PBXContainerItemProxy;
			containerPortal = 3C4EA4B829A1435300D89594 /* Project object */;
			proxyType = 1;
			remoteGlobalIDString = 3C4EA4BF29A1435300D89594;
			remoteInfo = Data;
		};
/* End PBXContainerItemProxy section */

/* Begin PBXCopyFilesBuildPhase section */
		3C4EA4E929A149E500D89594 /* CopyFiles */ = {
			isa = PBXCopyFilesBuildPhase;
			buildActionMask = 2147483647;
			dstPath = /usr/share/man/man1/;
			dstSubfolderSpec = 0;
			files = (
			);
			runOnlyForDeploymentPostprocessing = 1;
		};
/* End PBXCopyFilesBuildPhase section */

/* Begin PBXFileReference section */
		3C4EA4C029A1435300D89594 /* libData.a */ = {isa = PBXFileReference; explicitFileType = archive.ar; includeInIndex = 0; path = libData.a; sourceTree = BUILT_PRODUCTS_DIR; };
		3C4EA4C729A1437900D89594 /* frontend.h */ = {isa = PBXFileReference; fileEncoding = 4; lastKnownFileType = sourcecode.c.h; path = frontend.h; sourceTree = "<group>"; };
		3C4EA4C829A1437900D89594 /* frontend.c */ = {isa = PBXFileReference; fileEncoding = 4; lastKnownFileType = sourcecode.c.c; path = frontend.c; sourceTree = "<group>"; };
		3C4EA4C929A1437900D89594 /* frontend_test.cpp */ = {isa = PBXFileReference; fileEncoding = 4; lastKnownFileType = sourcecode.cpp.cpp; path = frontend_test.cpp; sourceTree = "<group>"; };
		3C4EA4D129A143B100D89594 /* GoogleTest.xctest */ = {isa = PBXFileReference; explicitFileType = wrapper.cfbundle; includeInIndex = 0; path = GoogleTest.xctest; sourceTree = BUILT_PRODUCTS_DIR; };
		3C4EA4D329A143B100D89594 /* GoogleTest.mm */ = {isa = PBXFileReference; explicitFileType = sourcecode.cpp.objcpp; path = GoogleTest.mm; sourceTree = "<group>"; };
		3C4EA4DF29A1441500D89594 /* libgtest.a */ = {isa = PBXFileReference; lastKnownFileType = archive.ar; name = libgtest.a; path = ../../../../../opt/homebrew/Cellar/googletest/1.13.0/lib/libgtest.a; sourceTree = "<group>"; };
		3C4EA4EB29A149E500D89594 /* DataMain */ = {isa = PBXFileReference; explicitFileType = "compiled.mach-o.executable"; includeInIndex = 0; path = DataMain; sourceTree = BUILT_PRODUCTS_DIR; };
		3C4EA4ED29A149E500D89594 /* main.c */ = {isa = PBXFileReference; lastKnownFileType = sourcecode.c.c; path = main.c; sourceTree = "<group>"; };
/* End PBXFileReference section */

/* Begin PBXFrameworksBuildPhase section */
		3C4EA4BE29A1435300D89594 /* Frameworks */ = {
			isa = PBXFrameworksBuildPhase;
			buildActionMask = 2147483647;
			files = (
			);
			runOnlyForDeploymentPostprocessing = 0;
		};
		3C4EA4CE29A143B100D89594 /* Frameworks */ = {
			isa = PBXFrameworksBuildPhase;
			buildActionMask = 2147483647;
			files = (
				3C4EA4E029A1441500D89594 /* libgtest.a in Frameworks */,
				3C4EA4D529A143B100D89594 /* libData.a in Frameworks */,
			);
			runOnlyForDeploymentPostprocessing = 0;
		};
		3C4EA4E829A149E500D89594 /* Frameworks */ = {
			isa = PBXFrameworksBuildPhase;
			buildActionMask = 2147483647;
			files = (
			);
			runOnlyForDeploymentPostprocessing = 0;
		};
/* End PBXFrameworksBuildPhase section */

/* Begin PBXGroup section */
		3C4EA4B729A1435300D89594 = {
			isa = PBXGroup;
			children = (
				3C4EA4C829A1437900D89594 /* frontend.c */,
				3C4EA4C729A1437900D89594 /* frontend.h */,
				3C4EA4C929A1437900D89594 /* frontend_test.cpp */,
				3C4EA4D229A143B100D89594 /* GoogleTest */,
				3C4EA4EC29A149E500D89594 /* DataMain */,
				3C4EA4C129A1435300D89594 /* Products */,
				3C4EA4DE29A1441500D89594 /* Frameworks */,
			);
			sourceTree = "<group>";
		};
		3C4EA4C129A1435300D89594 /* Products */ = {
			isa = PBXGroup;
			children = (
				3C4EA4C029A1435300D89594 /* libData.a */,
				3C4EA4D129A143B100D89594 /* GoogleTest.xctest */,
				3C4EA4EB29A149E500D89594 /* DataMain */,
			);
			name = Products;
			sourceTree = "<group>";
		};
		3C4EA4D229A143B100D89594 /* GoogleTest */ = {
			isa = PBXGroup;
			children = (
				3C4EA4D329A143B100D89594 /* GoogleTest.mm */,
			);
			path = GoogleTest;
			sourceTree = "<group>";
		};
		3C4EA4DE29A1441500D89594 /* Frameworks */ = {
			isa = PBXGroup;
			children = (
				3C4EA4DF29A1441500D89594 /* libgtest.a */,
			);
			name = Frameworks;
			sourceTree = "<group>";
		};
		3C4EA4EC29A149E500D89594 /* DataMain */ = {
			isa = PBXGroup;
			children = (
				3C4EA4ED29A149E500D89594 /* main.c */,
			);
			path = DataMain;
			sourceTree = "<group>";
		};
/* End PBXGroup section */

/* Begin PBXHeadersBuildPhase section */
		3C4EA4BC29A1435300D89594 /* Headers */ = {
			isa = PBXHeadersBuildPhase;
			buildActionMask = 2147483647;
			files = (
				3C4EA4CA29A1437900D89594 /* frontend.h in Headers */,
			);
			runOnlyForDeploymentPostprocessing = 0;
		};
		3C4EA4E129A1455400D89594 /* Headers */ = {
			isa = PBXHeadersBuildPhase;
			buildActionMask = 2147483647;
			files = (
				3C4EA4E229A1455A00D89594 /* frontend.h in Headers */,
			);
			runOnlyForDeploymentPostprocessing = 0;
		};
		3C4EA4F629A14DEA00D89594 /* Headers */ = {
			isa = PBXHeadersBuildPhase;
			buildActionMask = 2147483647;
			files = (
				3C4EA4F729A14DF300D89594 /* frontend.h in Headers */,
			);
			runOnlyForDeploymentPostprocessing = 0;
		};
/* End PBXHeadersBuildPhase section */

/* Begin PBXNativeTarget section */
		3C4EA4BF29A1435300D89594 /* Data */ = {
			isa = PBXNativeTarget;
			buildConfigurationList = 3C4EA4C429A1435300D89594 /* Build configuration list for PBXNativeTarget "Data" */;
			buildPhases = (
				3C4EA4BC29A1435300D89594 /* Headers */,
				3C4EA4BD29A1435300D89594 /* Sources */,
				3C4EA4BE29A1435300D89594 /* Frameworks */,
			);
			buildRules = (
			);
			dependencies = (
			);
			name = Data;
			productName = Data;
			productReference = 3C4EA4C029A1435300D89594 /* libData.a */;
			productType = "com.apple.product-type.library.static";
		};
		3C4EA4D029A143B100D89594 /* GoogleTest */ = {
			isa = PBXNativeTarget;
			buildConfigurationList = 3C4EA4D829A143B100D89594 /* Build configuration list for PBXNativeTarget "GoogleTest" */;
			buildPhases = (
				3C4EA4E129A1455400D89594 /* Headers */,
				3C4EA4CD29A143B100D89594 /* Sources */,
				3C4EA4CE29A143B100D89594 /* Frameworks */,
				3C4EA4CF29A143B100D89594 /* Resources */,
			);
			buildRules = (
			);
			dependencies = (
				3C4EA4D729A143B100D89594 /* PBXTargetDependency */,
			);
			name = GoogleTest;
			productName = DataTests;
			productReference = 3C4EA4D129A143B100D89594 /* GoogleTest.xctest */;
			productType = "com.apple.product-type.bundle.unit-test";
		};
		3C4EA4EA29A149E500D89594 /* DataMain */ = {
			isa = PBXNativeTarget;
			buildConfigurationList = 3C4EA4EF29A149E500D89594 /* Build configuration list for PBXNativeTarget "DataMain" */;
			buildPhases = (
				3C4EA4F629A14DEA00D89594 /* Headers */,
				3C4EA4E729A149E500D89594 /* Sources */,
				3C4EA4E829A149E500D89594 /* Frameworks */,
				3C4EA4E929A149E500D89594 /* CopyFiles */,
			);
			buildRules = (
			);
			dependencies = (
				3C4EA4F429A14CEE00D89594 /* PBXTargetDependency */,
			);
			name = DataMain;
			productName = DataMain;
			productReference = 3C4EA4EB29A149E500D89594 /* DataMain */;
			productType = "com.apple.product-type.tool";
		};
/* End PBXNativeTarget section */

/* Begin PBXProject section */
		3C4EA4B829A1435300D89594 /* Project object */ = {
			isa = PBXProject;
			attributes = {
				BuildIndependentTargetsInParallel = 1;
				LastUpgradeCheck = 1420;
				TargetAttributes = {
					3C4EA4BF29A1435300D89594 = {
						CreatedOnToolsVersion = 14.2;
					};
					3C4EA4D029A143B100D89594 = {
						CreatedOnToolsVersion = 14.2;
					};
					3C4EA4EA29A149E500D89594 = {
						CreatedOnToolsVersion = 14.2;
					};
				};
			};
			buildConfigurationList = 3C4EA4BB29A1435300D89594 /* Build configuration list for PBXProject "Data" */;
			compatibilityVersion = "Xcode 14.0";
			developmentRegion = en;
			hasScannedForEncodings = 0;
			knownRegions = (
				en,
				Base,
			);
			mainGroup = 3C4EA4B729A1435300D89594;
			productRefGroup = 3C4EA4C129A1435300D89594 /* Products */;
			projectDirPath = "";
			projectRoot = "";
			targets = (
				3C4EA4BF29A1435300D89594 /* Data */,
				3C4EA4D029A143B100D89594 /* GoogleTest */,
				3C4EA4EA29A149E500D89594 /* DataMain */,
			);
		};
/* End PBXProject section */

/* Begin PBXResourcesBuildPhase section */
		3C4EA4CF29A143B100D89594 /* Resources */ = {
			isa = PBXResourcesBuildPhase;
			buildActionMask = 2147483647;
			files = (
			);
			runOnlyForDeploymentPostprocessing = 0;
		};
/* End PBXResourcesBuildPhase section */

/* Begin PBXSourcesBuildPhase section */
		3C4EA4BD29A1435300D89594 /* Sources */ = {
			isa = PBXSourcesBuildPhase;
			buildActionMask = 2147483647;
			files = (
				3C4EA4CB29A1437900D89594 /* frontend.c in Sources */,
				3C4EA4E629A148CE00D89594 /* frontend_test.cpp in Sources */,
			);
			runOnlyForDeploymentPostprocessing = 0;
		};
		3C4EA4CD29A143B100D89594 /* Sources */ = {
			isa = PBXSourcesBuildPhase;
			buildActionMask = 2147483647;
			files = (
				3C4EA4E329A1456F00D89594 /* frontend.c in Sources */,
				3C4EA4D429A143B100D89594 /* GoogleTest.mm in Sources */,
				3C4EA4DB29A143B900D89594 /* frontend_test.cpp in Sources */,
			);
			runOnlyForDeploymentPostprocessing = 0;
		};
		3C4EA4E729A149E500D89594 /* Sources */ = {
			isa = PBXSourcesBuildPhase;
			buildActionMask = 2147483647;
			files = (
				3C4EA4EE29A149E500D89594 /* main.c in Sources */,
				3C4EA4F529A14DBF00D89594 /* frontend.c in Sources */,
			);
			runOnlyForDeploymentPostprocessing = 0;
		};
/* End PBXSourcesBuildPhase section */

/* Begin PBXTargetDependency section */
		3C4EA4D729A143B100D89594 /* PBXTargetDependency */ = {
			isa = PBXTargetDependency;
			target = 3C4EA4BF29A1435300D89594 /* Data */;
			targetProxy = 3C4EA4D629A143B100D89594 /* PBXContainerItemProxy */;
		};
		3C4EA4F429A14CEE00D89594 /* PBXTargetDependency */ = {
			isa = PBXTargetDependency;
			target = 3C4EA4BF29A1435300D89594 /* Data */;
			targetProxy = 3C4EA4F329A14CEE00D89594 /* PBXContainerItemProxy */;
		};
/* End PBXTargetDependency section */

/* Begin XCBuildConfiguration section */
		3C4EA4C229A1435300D89594 /* Debug */ = {
			isa = XCBuildConfiguration;
			buildSettings = {
				ALWAYS_SEARCH_USER_PATHS = NO;
				CLANG_ANALYZER_NONNULL = YES;
				CLANG_ANALYZER_NUMBER_OBJECT_CONVERSION = YES_AGGRESSIVE;
				CLANG_CXX_LANGUAGE_STANDARD = "gnu++20";
				CLANG_ENABLE_MODULES = YES;
				CLANG_ENABLE_OBJC_ARC = YES;
				CLANG_ENABLE_OBJC_WEAK = YES;
				CLANG_WARN_BLOCK_CAPTURE_AUTORELEASING = YES;
				CLANG_WARN_BOOL_CONVERSION = YES;
				CLANG_WARN_COMMA = YES;
				CLANG_WARN_CONSTANT_CONVERSION = YES;
				CLANG_WARN_DEPRECATED_OBJC_IMPLEMENTATIONS = YES;
				CLANG_WARN_DIRECT_OBJC_ISA_USAGE = YES_ERROR;
				CLANG_WARN_DOCUMENTATION_COMMENTS = YES;
				CLANG_WARN_EMPTY_BODY = YES;
				CLANG_WARN_ENUM_CONVERSION = YES;
				CLANG_WARN_INFINITE_RECURSION = YES;
				CLANG_WARN_INT_CONVERSION = YES;
				CLANG_WARN_NON_LITERAL_NULL_CONVERSION = YES;
				CLANG_WARN_OBJC_IMPLICIT_RETAIN_SELF = YES;
				CLANG_WARN_OBJC_LITERAL_CONVERSION = YES;
				CLANG_WARN_OBJC_ROOT_CLASS = YES_ERROR;
				CLANG_WARN_QUOTED_INCLUDE_IN_FRAMEWORK_HEADER = YES;
				CLANG_WARN_RANGE_LOOP_ANALYSIS = YES;
				CLANG_WARN_STRICT_PROTOTYPES = YES;
				CLANG_WARN_SUSPICIOUS_MOVE = YES;
				CLANG_WARN_UNGUARDED_AVAILABILITY = YES_AGGRESSIVE;
				CLANG_WARN_UNREACHABLE_CODE = YES;
				CLANG_WARN__DUPLICATE_METHOD_MATCH = YES;
				COPY_PHASE_STRIP = NO;
				DEBUG_INFORMATION_FORMAT = dwarf;
				ENABLE_STRICT_OBJC_MSGSEND = YES;
				ENABLE_TESTABILITY = YES;
				GCC_C_LANGUAGE_STANDARD = gnu11;
				GCC_DYNAMIC_NO_PIC = NO;
				GCC_NO_COMMON_BLOCKS = YES;
				GCC_OPTIMIZATION_LEVEL = 0;
				GCC_PREPROCESSOR_DEFINITIONS = (
					"DEBUG=1",
					"$(inherited)",
				);
				GCC_WARN_64_TO_32_BIT_CONVERSION = YES;
				GCC_WARN_ABOUT_RETURN_TYPE = YES_ERROR;
				GCC_WARN_UNDECLARED_SELECTOR = YES;
				GCC_WARN_UNINITIALIZED_AUTOS = YES_AGGRESSIVE;
				GCC_WARN_UNUSED_FUNCTION = YES;
				GCC_WARN_UNUSED_VARIABLE = YES;
				MACOSX_DEPLOYMENT_TARGET = 13.1;
				MTL_ENABLE_DEBUG_INFO = INCLUDE_SOURCE;
				MTL_FAST_MATH = YES;
				ONLY_ACTIVE_ARCH = YES;
				SDKROOT = macosx;
			};
			name = Debug;
		};
		3C4EA4C329A1435300D89594 /* Release */ = {
			isa = XCBuildConfiguration;
			buildSettings = {
				ALWAYS_SEARCH_USER_PATHS = NO;
				CLANG_ANALYZER_NONNULL = YES;
				CLANG_ANALYZER_NUMBER_OBJECT_CONVERSION = YES_AGGRESSIVE;
				CLANG_CXX_LANGUAGE_STANDARD = "gnu++20";
				CLANG_ENABLE_MODULES = YES;
				CLANG_ENABLE_OBJC_ARC = YES;
				CLANG_ENABLE_OBJC_WEAK = YES;
				CLANG_WARN_BLOCK_CAPTURE_AUTORELEASING = YES;
				CLANG_WARN_BOOL_CONVERSION = YES;
				CLANG_WARN_COMMA = YES;
				CLANG_WARN_CONSTANT_CONVERSION = YES;
				CLANG_WARN_DEPRECATED_OBJC_IMPLEMENTATIONS = YES;
				CLANG_WARN_DIRECT_OBJC_ISA_USAGE = YES_ERROR;
				CLANG_WARN_DOCUMENTATION_COMMENTS = YES;
				CLANG_WARN_EMPTY_BODY = YES;
				CLANG_WARN_ENUM_CONVERSION = YES;
				CLANG_WARN_INFINITE_RECURSION = YES;
				CLANG_WARN_INT_CONVERSION = YES;
				CLANG_WARN_NON_LITERAL_NULL_CONVERSION = YES;
				CLANG_WARN_OBJC_IMPLICIT_RETAIN_SELF = YES;
				CLANG_WARN_OBJC_LITERAL_CONVERSION = YES;
				CLANG_WARN_OBJC_ROOT_CLASS = YES_ERROR;
				CLANG_WARN_QUOTED_INCLUDE_IN_FRAMEWORK_HEADER = YES;
				CLANG_WARN_RANGE_LOOP_ANALYSIS = YES;
				CLANG_WARN_STRICT_PROTOTYPES = YES;
				CLANG_WARN_SUSPICIOUS_MOVE = YES;
				CLANG_WARN_UNGUARDED_AVAILABILITY = YES_AGGRESSIVE;
				CLANG_WARN_UNREACHABLE_CODE = YES;
				CLANG_WARN__DUPLICATE_METHOD_MATCH = YES;
				COPY_PHASE_STRIP = NO;
				DEBUG_INFORMATION_FORMAT = "dwarf-with-dsym";
				ENABLE_NS_ASSERTIONS = NO;
				ENABLE_STRICT_OBJC_MSGSEND = YES;
				GCC_C_LANGUAGE_STANDARD = gnu11;
				GCC_NO_COMMON_BLOCKS = YES;
				GCC_WARN_64_TO_32_BIT_CONVERSION = YES;
				GCC_WARN_ABOUT_RETURN_TYPE = YES_ERROR;
				GCC_WARN_UNDECLARED_SELECTOR = YES;
				GCC_WARN_UNINITIALIZED_AUTOS = YES_AGGRESSIVE;
				GCC_WARN_UNUSED_FUNCTION = YES;
				GCC_WARN_UNUSED_VARIABLE = YES;
				MACOSX_DEPLOYMENT_TARGET = 13.1;
				MTL_ENABLE_DEBUG_INFO = NO;
				MTL_FAST_MATH = YES;
				SDKROOT = macosx;
			};
			name = Release;
		};
		3C4EA4C529A1435300D89594 /* Debug */ = {
			isa = XCBuildConfiguration;
			buildSettings = {
				CODE_SIGN_STYLE = Automatic;
				DEVELOPMENT_TEAM = W73Q58U234;
				EXECUTABLE_PREFIX = lib;
				HEADER_SEARCH_PATHS = "/opt/homebrew/Cellar/googletest/**";
				LIBRARY_SEARCH_PATHS = (
					"$(inherited)",
					/opt/homebrew/Cellar/googletest/1.13.0/lib,
				);
				PRODUCT_NAME = "$(TARGET_NAME)";
				SKIP_INSTALL = YES;
			};
			name = Debug;
		};
		3C4EA4C629A1435300D89594 /* Release */ = {
			isa = XCBuildConfiguration;
			buildSettings = {
				CODE_SIGN_STYLE = Automatic;
				DEVELOPMENT_TEAM = W73Q58U234;
				EXECUTABLE_PREFIX = lib;
				HEADER_SEARCH_PATHS = "/opt/homebrew/Cellar/googletest/**";
				LIBRARY_SEARCH_PATHS = (
					"$(inherited)",
					/opt/homebrew/Cellar/googletest/1.13.0/lib,
				);
				PRODUCT_NAME = "$(TARGET_NAME)";
				SKIP_INSTALL = YES;
			};
			name = Release;
		};
		3C4EA4D929A143B100D89594 /* Debug */ = {
			isa = XCBuildConfiguration;
			buildSettings = {
				CODE_SIGN_STYLE = Automatic;
				CURRENT_PROJECT_VERSION = 1;
				DEVELOPMENT_TEAM = W73Q58U234;
				GENERATE_INFOPLIST_FILE = YES;
				HEADER_SEARCH_PATHS = "/opt/homebrew/Cellar/googletest/**";
				LIBRARY_SEARCH_PATHS = (
					"$(inherited)",
					/opt/homebrew/Cellar/googletest/1.13.0/lib,
				);
				MARKETING_VERSION = 1.0;
				PRODUCT_BUNDLE_IDENTIFIER = iambrennanwalsh.DataTests;
				PRODUCT_NAME = "$(TARGET_NAME)";
				SWIFT_EMIT_LOC_STRINGS = NO;
			};
			name = Debug;
		};
		3C4EA4DA29A143B100D89594 /* Release */ = {
			isa = XCBuildConfiguration;
			buildSettings = {
				CODE_SIGN_STYLE = Automatic;
				CURRENT_PROJECT_VERSION = 1;
				DEVELOPMENT_TEAM = W73Q58U234;
				GENERATE_INFOPLIST_FILE = YES;
				HEADER_SEARCH_PATHS = "/opt/homebrew/Cellar/googletest/**";
				LIBRARY_SEARCH_PATHS = (
					"$(inherited)",
					/opt/homebrew/Cellar/googletest/1.13.0/lib,
				);
				MARKETING_VERSION = 1.0;
				PRODUCT_BUNDLE_IDENTIFIER = iambrennanwalsh.DataTests;
				PRODUCT_NAME = "$(TARGET_NAME)";
				SWIFT_EMIT_LOC_STRINGS = NO;
			};
			name = Release;
		};
		3C4EA4F029A149E500D89594 /* Debug */ = {
			isa = XCBuildConfiguration;
			buildSettings = {
				CODE_SIGN_STYLE = Automatic;
				DEVELOPMENT_TEAM = W73Q58U234;
				ENABLE_HARDENED_RUNTIME = YES;
				PRODUCT_NAME = "$(TARGET_NAME)";
			};
			name = Debug;
		};
		3C4EA4F129A149E500D89594 /* Release */ = {
			isa = XCBuildConfiguration;
			buildSettings = {
				CODE_SIGN_STYLE = Automatic;
				DEVELOPMENT_TEAM = W73Q58U234;
				ENABLE_HARDENED_RUNTIME = YES;
				PRODUCT_NAME = "$(TARGET_NAME)";
			};
			name = Release;
		};
/* End XCBuildConfiguration section */

/* Begin XCConfigurationList section */
		3C4EA4BB29A1435300D89594 /* Build configuration list for PBXProject "Data" */ = {
			isa = XCConfigurationList;
			buildConfigurations = (
				3C4EA4C229A1435300D89594 /* Debug */,
				3C4EA4C329A1435300D89594 /* Release */,
			);
			defaultConfigurationIsVisible = 0;
			defaultConfigurationName = Release;
		};
		3C4EA4C429A1435300D89594 /* Build configuration list for PBXNativeTarget "Data" */ = {
			isa = XCConfigurationList;
			buildConfigurations = (
				3C4EA4C529A1435300D89594 /* Debug */,
				3C4EA4C629A1435300D89594 /* Release */,
			);
			defaultConfigurationIsVisible = 0;
			defaultConfigurationName = Release;
		};
		3C4EA4D829A143B100D89594 /* Build configuration list for PBXNativeTarget "GoogleTest" */ = {
			isa = XCConfigurationList;
			buildConfigurations = (
				3C4EA4D929A143B100D89594 /* Debug */,
				3C4EA4DA29A143B100D89594 /* Release */,
			);
			defaultConfigurationIsVisible = 0;
			defaultConfigurationName = Release;
		};
		3C4EA4EF29A149E500D89594 /* Build configuration list for PBXNativeTarget "DataMain" */ = {
			isa = XCConfigurationList;
			buildConfigurations = (
				3C4EA4F029A149E500D89594 /* Debug */,
				3C4EA4F129A149E500D89594 /* Release */,
			);
			defaultConfigurationIsVisible = 0;
			defaultConfigurationName = Release;
		};
/* End XCConfigurationList section */
	};
	rootObject = 3C4EA4B829A1435300D89594 /* Project object */;
}
